// !$*UTF8*$!
{
	archiveVersion = 1;
	classes = {
	};
	objectVersion = 46;
	objects = {

/* Begin PBXBuildFile section */
		70A0308D1F5B8DE700F880D1 /* AppDelegate.swift in Sources */ = {isa = PBXBuildFile; fileRef = 70A0308C1F5B8DE700F880D1 /* AppDelegate.swift */; };
		70A030921F5B8DE700F880D1 /* Main.storyboard in Resources */ = {isa = PBXBuildFile; fileRef = 70A030901F5B8DE700F880D1 /* Main.storyboard */; };
		70A030951F5B8DE700F880D1 /* SuperKid.xcdatamodeld in Sources */ = {isa = PBXBuildFile; fileRef = 70A030931F5B8DE700F880D1 /* SuperKid.xcdatamodeld */; };
		70A030971F5B8DE700F880D1 /* Assets.xcassets in Resources */ = {isa = PBXBuildFile; fileRef = 70A030961F5B8DE700F880D1 /* Assets.xcassets */; };
		70A0309A1F5B8DE700F880D1 /* LaunchScreen.storyboard in Resources */ = {isa = PBXBuildFile; fileRef = 70A030981F5B8DE700F880D1 /* LaunchScreen.storyboard */; };
		70A030A51F5B8DE800F880D1 /* SuperKidTests.swift in Sources */ = {isa = PBXBuildFile; fileRef = 70A030A41F5B8DE800F880D1 /* SuperKidTests.swift */; };
		70A030B01F5B8DE800F880D1 /* SuperKidUITests.swift in Sources */ = {isa = PBXBuildFile; fileRef = 70A030AF1F5B8DE800F880D1 /* SuperKidUITests.swift */; };
		70A030BE1F5B8FC700F880D1 /* LoginViewController.swift in Sources */ = {isa = PBXBuildFile; fileRef = 70A030BD1F5B8FC700F880D1 /* LoginViewController.swift */; };
		70A030C21F5BA74600F880D1 /* scoreboard.ttf in Resources */ = {isa = PBXBuildFile; fileRef = 70A030C11F5BA74600F880D1 /* scoreboard.ttf */; };
		70A030C31F5BA74600F880D1 /* scoreboard.ttf in Resources */ = {isa = PBXBuildFile; fileRef = 70A030C11F5BA74600F880D1 /* scoreboard.ttf */; };
		70A030C41F5BA74600F880D1 /* scoreboard.ttf in Resources */ = {isa = PBXBuildFile; fileRef = 70A030C11F5BA74600F880D1 /* scoreboard.ttf */; };
		70A030C61F5BA9DA00F880D1 /* Heroes Legend.ttf in Resources */ = {isa = PBXBuildFile; fileRef = 70A030C51F5BA9DA00F880D1 /* Heroes Legend.ttf */; };
		70A030C71F5BA9DA00F880D1 /* Heroes Legend.ttf in Resources */ = {isa = PBXBuildFile; fileRef = 70A030C51F5BA9DA00F880D1 /* Heroes Legend.ttf */; };
		70A030C81F5BA9DA00F880D1 /* Heroes Legend.ttf in Resources */ = {isa = PBXBuildFile; fileRef = 70A030C51F5BA9DA00F880D1 /* Heroes Legend.ttf */; };
		70F780E91F5F48500005A666 /* RegisterViewController.swift in Sources */ = {isa = PBXBuildFile; fileRef = 70F780E81F5F48500005A666 /* RegisterViewController.swift */; };
		70F780EB1F5F5BBB0005A666 /* TaskListViewController.swift in Sources */ = {isa = PBXBuildFile; fileRef = 70F780EA1F5F5BBB0005A666 /* TaskListViewController.swift */; };
		70F780ED1F5F5ECE0005A666 /* ChooseCharacterViewController.swift in Sources */ = {isa = PBXBuildFile; fileRef = 70F780EC1F5F5ECE0005A666 /* ChooseCharacterViewController.swift */; };
		70F780F01F5F63970005A666 /* ListTableViewCell.swift in Sources */ = {isa = PBXBuildFile; fileRef = 70F780EF1F5F63970005A666 /* ListTableViewCell.swift */; };
		70F780F21F5F66210005A666 /* Task.swift in Sources */ = {isa = PBXBuildFile; fileRef = 70F780F11F5F66210005A666 /* Task.swift */; };
/* End PBXBuildFile section */

/* Begin PBXContainerItemProxy section */
		70A030A11F5B8DE800F880D1 /* PBXContainerItemProxy */ = {
			isa = PBXContainerItemProxy;
			containerPortal = 70A030811F5B8DE700F880D1 /* Project object */;
			proxyType = 1;
			remoteGlobalIDString = 70A030881F5B8DE700F880D1;
			remoteInfo = SuperKid;
		};
		70A030AC1F5B8DE800F880D1 /* PBXContainerItemProxy */ = {
			isa = PBXContainerItemProxy;
			containerPortal = 70A030811F5B8DE700F880D1 /* Project object */;
			proxyType = 1;
			remoteGlobalIDString = 70A030881F5B8DE700F880D1;
			remoteInfo = SuperKid;
		};
/* End PBXContainerItemProxy section */

/* Begin PBXFileReference section */
		70A030891F5B8DE700F880D1 /* SuperKid.app */ = {isa = PBXFileReference; explicitFileType = wrapper.application; includeInIndex = 0; path = SuperKid.app; sourceTree = BUILT_PRODUCTS_DIR; };
		70A0308C1F5B8DE700F880D1 /* AppDelegate.swift */ = {isa = PBXFileReference; lastKnownFileType = sourcecode.swift; path = AppDelegate.swift; sourceTree = "<group>"; };
		70A030911F5B8DE700F880D1 /* Base */ = {isa = PBXFileReference; lastKnownFileType = file.storyboard; name = Base; path = Base.lproj/Main.storyboard; sourceTree = "<group>"; };
		70A030941F5B8DE700F880D1 /* SuperKid.xcdatamodel */ = {isa = PBXFileReference; lastKnownFileType = wrapper.xcdatamodel; path = SuperKid.xcdatamodel; sourceTree = "<group>"; };
		70A030961F5B8DE700F880D1 /* Assets.xcassets */ = {isa = PBXFileReference; lastKnownFileType = folder.assetcatalog; path = Assets.xcassets; sourceTree = "<group>"; };
		70A030991F5B8DE700F880D1 /* Base */ = {isa = PBXFileReference; lastKnownFileType = file.storyboard; name = Base; path = Base.lproj/LaunchScreen.storyboard; sourceTree = "<group>"; };
		70A0309B1F5B8DE700F880D1 /* Info.plist */ = {isa = PBXFileReference; lastKnownFileType = text.plist.xml; path = Info.plist; sourceTree = "<group>"; };
		70A030A01F5B8DE800F880D1 /* SuperKidTests.xctest */ = {isa = PBXFileReference; explicitFileType = wrapper.cfbundle; includeInIndex = 0; path = SuperKidTests.xctest; sourceTree = BUILT_PRODUCTS_DIR; };
		70A030A41F5B8DE800F880D1 /* SuperKidTests.swift */ = {isa = PBXFileReference; lastKnownFileType = sourcecode.swift; path = SuperKidTests.swift; sourceTree = "<group>"; };
		70A030A61F5B8DE800F880D1 /* Info.plist */ = {isa = PBXFileReference; lastKnownFileType = text.plist.xml; path = Info.plist; sourceTree = "<group>"; };
		70A030AB1F5B8DE800F880D1 /* SuperKidUITests.xctest */ = {isa = PBXFileReference; explicitFileType = wrapper.cfbundle; includeInIndex = 0; path = SuperKidUITests.xctest; sourceTree = BUILT_PRODUCTS_DIR; };
		70A030AF1F5B8DE800F880D1 /* SuperKidUITests.swift */ = {isa = PBXFileReference; lastKnownFileType = sourcecode.swift; path = SuperKidUITests.swift; sourceTree = "<group>"; };
		70A030B11F5B8DE800F880D1 /* Info.plist */ = {isa = PBXFileReference; lastKnownFileType = text.plist.xml; path = Info.plist; sourceTree = "<group>"; };
		70A030BD1F5B8FC700F880D1 /* LoginViewController.swift */ = {isa = PBXFileReference; fileEncoding = 4; lastKnownFileType = sourcecode.swift; path = LoginViewController.swift; sourceTree = "<group>"; };
		70A030C11F5BA74600F880D1 /* scoreboard.ttf */ = {isa = PBXFileReference; lastKnownFileType = file; path = scoreboard.ttf; sourceTree = "<group>"; };
		70A030C51F5BA9DA00F880D1 /* Heroes Legend.ttf */ = {isa = PBXFileReference; lastKnownFileType = file; path = "Heroes Legend.ttf"; sourceTree = "<group>"; };
		70F780E81F5F48500005A666 /* RegisterViewController.swift */ = {isa = PBXFileReference; fileEncoding = 4; lastKnownFileType = sourcecode.swift; path = RegisterViewController.swift; sourceTree = "<group>"; };
		70F780EA1F5F5BBB0005A666 /* TaskListViewController.swift */ = {isa = PBXFileReference; fileEncoding = 4; lastKnownFileType = sourcecode.swift; path = TaskListViewController.swift; sourceTree = "<group>"; };
		70F780EC1F5F5ECE0005A666 /* ChooseCharacterViewController.swift */ = {isa = PBXFileReference; fileEncoding = 4; lastKnownFileType = sourcecode.swift; path = ChooseCharacterViewController.swift; sourceTree = "<group>"; };
		70F780EF1F5F63970005A666 /* ListTableViewCell.swift */ = {isa = PBXFileReference; fileEncoding = 4; lastKnownFileType = sourcecode.swift; path = ListTableViewCell.swift; sourceTree = "<group>"; };
		70F780F11F5F66210005A666 /* Task.swift */ = {isa = PBXFileReference; fileEncoding = 4; lastKnownFileType = sourcecode.swift; path = Task.swift; sourceTree = "<group>"; };
/* End PBXFileReference section */

/* Begin PBXFrameworksBuildPhase section */
		70A030861F5B8DE700F880D1 /* Frameworks */ = {
			isa = PBXFrameworksBuildPhase;
			buildActionMask = 2147483647;
			files = (
			);
			runOnlyForDeploymentPostprocessing = 0;
		};
		70A0309D1F5B8DE800F880D1 /* Frameworks */ = {
			isa = PBXFrameworksBuildPhase;
			buildActionMask = 2147483647;
			files = (
			);
			runOnlyForDeploymentPostprocessing = 0;
		};
		70A030A81F5B8DE800F880D1 /* Frameworks */ = {
			isa = PBXFrameworksBuildPhase;
			buildActionMask = 2147483647;
			files = (
			);
			runOnlyForDeploymentPostprocessing = 0;
		};
/* End PBXFrameworksBuildPhase section */

/* Begin PBXGroup section */
		70A030801F5B8DE700F880D1 = {
			isa = PBXGroup;
			children = (
				70A0308B1F5B8DE700F880D1 /* SuperKid */,
				70A030A31F5B8DE800F880D1 /* SuperKidTests */,
				70A030AE1F5B8DE800F880D1 /* SuperKidUITests */,
				70A0308A1F5B8DE700F880D1 /* Products */,
			);
			sourceTree = "<group>";
		};
		70A0308A1F5B8DE700F880D1 /* Products */ = {
			isa = PBXGroup;
			children = (
				70A030891F5B8DE700F880D1 /* SuperKid.app */,
				70A030A01F5B8DE800F880D1 /* SuperKidTests.xctest */,
				70A030AB1F5B8DE800F880D1 /* SuperKidUITests.xctest */,
			);
			name = Products;
			sourceTree = "<group>";
		};
		70A0308B1F5B8DE700F880D1 /* SuperKid */ = {
			isa = PBXGroup;
			children = (
				70F780EE1F5F63750005A666 /* Models */,
				70F780E71F5F48280005A666 /* Controllers */,
				70A0308C1F5B8DE700F880D1 /* AppDelegate.swift */,
				70A030901F5B8DE700F880D1 /* Main.storyboard */,
				70A030961F5B8DE700F880D1 /* Assets.xcassets */,
				70A030981F5B8DE700F880D1 /* LaunchScreen.storyboard */,
				70A0309B1F5B8DE700F880D1 /* Info.plist */,
				70A030931F5B8DE700F880D1 /* SuperKid.xcdatamodeld */,
				70A030C01F5BA70A00F880D1 /* Fonts */,
			);
			path = SuperKid;
			sourceTree = "<group>";
		};
		70A030A31F5B8DE800F880D1 /* SuperKidTests */ = {
			isa = PBXGroup;
			children = (
				70A030A41F5B8DE800F880D1 /* SuperKidTests.swift */,
				70A030A61F5B8DE800F880D1 /* Info.plist */,
			);
			path = SuperKidTests;
			sourceTree = "<group>";
		};
		70A030AE1F5B8DE800F880D1 /* SuperKidUITests */ = {
			isa = PBXGroup;
			children = (
				70A030AF1F5B8DE800F880D1 /* SuperKidUITests.swift */,
				70A030B11F5B8DE800F880D1 /* Info.plist */,
			);
			path = SuperKidUITests;
			sourceTree = "<group>";
		};
		70A030C01F5BA70A00F880D1 /* Fonts */ = {
			isa = PBXGroup;
			children = (
				70A030C51F5BA9DA00F880D1 /* Heroes Legend.ttf */,
				70A030C11F5BA74600F880D1 /* scoreboard.ttf */,
			);
			name = Fonts;
			sourceTree = "<group>";
		};
		70F780E71F5F48280005A666 /* Controllers */ = {
			isa = PBXGroup;
			children = (
				70A030BD1F5B8FC700F880D1 /* LoginViewController.swift */,
				70F780E81F5F48500005A666 /* RegisterViewController.swift */,
				70F780EA1F5F5BBB0005A666 /* TaskListViewController.swift */,
				70F780EC1F5F5ECE0005A666 /* ChooseCharacterViewController.swift */,
			);
			name = Controllers;
			sourceTree = "<group>";
		};
		70F780EE1F5F63750005A666 /* Models */ = {
			isa = PBXGroup;
			children = (
				70F780EF1F5F63970005A666 /* ListTableViewCell.swift */,
				70F780F11F5F66210005A666 /* Task.swift */,
			);
			name = Models;
			sourceTree = "<group>";
		};
/* End PBXGroup section */

/* Begin PBXNativeTarget section */
		70A030881F5B8DE700F880D1 /* SuperKid */ = {
			isa = PBXNativeTarget;
			buildConfigurationList = 70A030B41F5B8DE800F880D1 /* Build configuration list for PBXNativeTarget "SuperKid" */;
			buildPhases = (
				70A030851F5B8DE700F880D1 /* Sources */,
				70A030861F5B8DE700F880D1 /* Frameworks */,
				70A030871F5B8DE700F880D1 /* Resources */,
			);
			buildRules = (
			);
			dependencies = (
			);
			name = SuperKid;
			productName = SuperKid;
			productReference = 70A030891F5B8DE700F880D1 /* SuperKid.app */;
			productType = "com.apple.product-type.application";
		};
		70A0309F1F5B8DE800F880D1 /* SuperKidTests */ = {
			isa = PBXNativeTarget;
			buildConfigurationList = 70A030B71F5B8DE800F880D1 /* Build configuration list for PBXNativeTarget "SuperKidTests" */;
			buildPhases = (
				70A0309C1F5B8DE800F880D1 /* Sources */,
				70A0309D1F5B8DE800F880D1 /* Frameworks */,
				70A0309E1F5B8DE800F880D1 /* Resources */,
			);
			buildRules = (
			);
			dependencies = (
				70A030A21F5B8DE800F880D1 /* PBXTargetDependency */,
			);
			name = SuperKidTests;
			productName = SuperKidTests;
			productReference = 70A030A01F5B8DE800F880D1 /* SuperKidTests.xctest */;
			productType = "com.apple.product-type.bundle.unit-test";
		};
		70A030AA1F5B8DE800F880D1 /* SuperKidUITests */ = {
			isa = PBXNativeTarget;
			buildConfigurationList = 70A030BA1F5B8DE800F880D1 /* Build configuration list for PBXNativeTarget "SuperKidUITests" */;
			buildPhases = (
				70A030A71F5B8DE800F880D1 /* Sources */,
				70A030A81F5B8DE800F880D1 /* Frameworks */,
				70A030A91F5B8DE800F880D1 /* Resources */,
			);
			buildRules = (
			);
			dependencies = (
				70A030AD1F5B8DE800F880D1 /* PBXTargetDependency */,
			);
			name = SuperKidUITests;
			productName = SuperKidUITests;
			productReference = 70A030AB1F5B8DE800F880D1 /* SuperKidUITests.xctest */;
			productType = "com.apple.product-type.bundle.ui-testing";
		};
/* End PBXNativeTarget section */

/* Begin PBXProject section */
		70A030811F5B8DE700F880D1 /* Project object */ = {
			isa = PBXProject;
			attributes = {
				LastSwiftUpdateCheck = 0830;
				LastUpgradeCheck = 0830;
				ORGANIZATIONNAME = brenor2;
				TargetAttributes = {
					70A030881F5B8DE700F880D1 = {
						CreatedOnToolsVersion = 8.3.3;
						DevelopmentTeam = 3Y69BC5249;
						ProvisioningStyle = Automatic;
					};
					70A0309F1F5B8DE800F880D1 = {
						CreatedOnToolsVersion = 8.3.3;
						DevelopmentTeam = 3Y69BC5249;
						ProvisioningStyle = Automatic;
						TestTargetID = 70A030881F5B8DE700F880D1;
					};
					70A030AA1F5B8DE800F880D1 = {
						CreatedOnToolsVersion = 8.3.3;
						DevelopmentTeam = 3Y69BC5249;
						ProvisioningStyle = Automatic;
						TestTargetID = 70A030881F5B8DE700F880D1;
					};
				};
			};
			buildConfigurationList = 70A030841F5B8DE700F880D1 /* Build configuration list for PBXProject "SuperKid" */;
			compatibilityVersion = "Xcode 3.2";
			developmentRegion = English;
			hasScannedForEncodings = 0;
			knownRegions = (
				en,
				Base,
			);
			mainGroup = 70A030801F5B8DE700F880D1;
			productRefGroup = 70A0308A1F5B8DE700F880D1 /* Products */;
			projectDirPath = "";
			projectRoot = "";
			targets = (
				70A030881F5B8DE700F880D1 /* SuperKid */,
				70A0309F1F5B8DE800F880D1 /* SuperKidTests */,
				70A030AA1F5B8DE800F880D1 /* SuperKidUITests */,
			);
		};
/* End PBXProject section */

/* Begin PBXResourcesBuildPhase section */
		70A030871F5B8DE700F880D1 /* Resources */ = {
			isa = PBXResourcesBuildPhase;
			buildActionMask = 2147483647;
			files = (
				70A0309A1F5B8DE700F880D1 /* LaunchScreen.storyboard in Resources */,
				70A030971F5B8DE700F880D1 /* Assets.xcassets in Resources */,
				70A030C21F5BA74600F880D1 /* scoreboard.ttf in Resources */,
				70A030C61F5BA9DA00F880D1 /* Heroes Legend.ttf in Resources */,
				70A030921F5B8DE700F880D1 /* Main.storyboard in Resources */,
			);
			runOnlyForDeploymentPostprocessing = 0;
		};
		70A0309E1F5B8DE800F880D1 /* Resources */ = {
			isa = PBXResourcesBuildPhase;
			buildActionMask = 2147483647;
			files = (
				70A030C71F5BA9DA00F880D1 /* Heroes Legend.ttf in Resources */,
				70A030C31F5BA74600F880D1 /* scoreboard.ttf in Resources */,
			);
			runOnlyForDeploymentPostprocessing = 0;
		};
		70A030A91F5B8DE800F880D1 /* Resources */ = {
			isa = PBXResourcesBuildPhase;
			buildActionMask = 2147483647;
			files = (
				70A030C81F5BA9DA00F880D1 /* Heroes Legend.ttf in Resources */,
				70A030C41F5BA74600F880D1 /* scoreboard.ttf in Resources */,
			);
			runOnlyForDeploymentPostprocessing = 0;
		};
/* End PBXResourcesBuildPhase section */

/* Begin PBXSourcesBuildPhase section */
		70A030851F5B8DE700F880D1 /* Sources */ = {
			isa = PBXSourcesBuildPhase;
			buildActionMask = 2147483647;
			files = (
				70F780F21F5F66210005A666 /* Task.swift in Sources */,
				70F780F01F5F63970005A666 /* ListTableViewCell.swift in Sources */,
				70A030BE1F5B8FC700F880D1 /* LoginViewController.swift in Sources */,
				70A0308D1F5B8DE700F880D1 /* AppDelegate.swift in Sources */,
				70A030951F5B8DE700F880D1 /* SuperKid.xcdatamodeld in Sources */,
				70F780ED1F5F5ECE0005A666 /* ChooseCharacterViewController.swift in Sources */,
				70F780E91F5F48500005A666 /* RegisterViewController.swift in Sources */,
				70F780EB1F5F5BBB0005A666 /* TaskListViewController.swift in Sources */,
			);
			runOnlyForDeploymentPostprocessing = 0;
		};
		70A0309C1F5B8DE800F880D1 /* Sources */ = {
			isa = PBXSourcesBuildPhase;
			buildActionMask = 2147483647;
			files = (
				70A030A51F5B8DE800F880D1 /* SuperKidTests.swift in Sources */,
			);
			runOnlyForDeploymentPostprocessing = 0;
		};
		70A030A71F5B8DE800F880D1 /* Sources */ = {
			isa = PBXSourcesBuildPhase;
			buildActionMask = 2147483647;
			files = (
				70A030B01F5B8DE800F880D1 /* SuperKidUITests.swift in Sources */,
			);
			runOnlyForDeploymentPostprocessing = 0;
		};
/* End PBXSourcesBuildPhase section */

/* Begin PBXTargetDependency section */
		70A030A21F5B8DE800F880D1 /* PBXTargetDependency */ = {
			isa = PBXTargetDependency;
			target = 70A030881F5B8DE700F880D1 /* SuperKid */;
			targetProxy = 70A030A11F5B8DE800F880D1 /* PBXContainerItemProxy */;
		};
		70A030AD1F5B8DE800F880D1 /* PBXTargetDependency */ = {
			isa = PBXTargetDependency;
			target = 70A030881F5B8DE700F880D1 /* SuperKid */;
			targetProxy = 70A030AC1F5B8DE800F880D1 /* PBXContainerItemProxy */;
		};
/* End PBXTargetDependency section */

/* Begin PBXVariantGroup section */
		70A030901F5B8DE700F880D1 /* Main.storyboard */ = {
			isa = PBXVariantGroup;
			children = (
				70A030911F5B8DE700F880D1 /* Base */,
			);
			name = Main.storyboard;
			sourceTree = "<group>";
		};
		70A030981F5B8DE700F880D1 /* LaunchScreen.storyboard */ = {
			isa = PBXVariantGroup;
			children = (
				70A030991F5B8DE700F880D1 /* Base */,
			);
			name = LaunchScreen.storyboard;
			sourceTree = "<group>";
		};
/* End PBXVariantGroup section */

/* Begin XCBuildConfiguration section */
		70A030B21F5B8DE800F880D1 /* Debug */ = {
			isa = XCBuildConfiguration;
			buildSettings = {
				ALWAYS_SEARCH_USER_PATHS = NO;
				CLANG_ANALYZER_NONNULL = YES;
				CLANG_ANALYZER_NUMBER_OBJECT_CONVERSION = YES_AGGRESSIVE;
				CLANG_CXX_LANGUAGE_STANDARD = "gnu++0x";
				CLANG_CXX_LIBRARY = "libc++";
				CLANG_ENABLE_MODULES = YES;
				CLANG_ENABLE_OBJC_ARC = YES;
				CLANG_WARN_BOOL_CONVERSION = YES;
				CLANG_WARN_CONSTANT_CONVERSION = YES;
				CLANG_WARN_DIRECT_OBJC_ISA_USAGE = YES_ERROR;
				CLANG_WARN_DOCUMENTATION_COMMENTS = YES;
				CLANG_WARN_EMPTY_BODY = YES;
				CLANG_WARN_ENUM_CONVERSION = YES;
				CLANG_WARN_INFINITE_RECURSION = YES;
				CLANG_WARN_INT_CONVERSION = YES;
				CLANG_WARN_OBJC_ROOT_CLASS = YES_ERROR;
				CLANG_WARN_SUSPICIOUS_MOVE = YES;
				CLANG_WARN_UNREACHABLE_CODE = YES;
				CLANG_WARN__DUPLICATE_METHOD_MATCH = YES;
				"CODE_SIGN_IDENTITY[sdk=iphoneos*]" = "iPhone Developer";
				COPY_PHASE_STRIP = NO;
				DEBUG_INFORMATION_FORMAT = dwarf;
				ENABLE_STRICT_OBJC_MSGSEND = YES;
				ENABLE_TESTABILITY = YES;
				GCC_C_LANGUAGE_STANDARD = gnu99;
				GCC_DYNAMIC_NO_PIC = NO;
				GCC_NO_COMMON_BLOCKS = YES;
				GCC_OPTIMIZATION_LEVEL = 0;
				GCC_PREPROCESSOR_DEFINITIONS = (
					"DEBUG=1",
					"$(inherited)",
				);
				GCC_WARN_64_TO_32_BIT_CONVERSION = YES;
				GCC_WARN_ABOUT_RETURN_TYPE = YES_ERROR;
				GCC_WARN_UNDECLARED_SELECTOR = YES;
				GCC_WARN_UNINITIALIZED_AUTOS = YES_AGGRESSIVE;
				GCC_WARN_UNUSED_FUNCTION = YES;
				GCC_WARN_UNUSED_VARIABLE = YES;
				IPHONEOS_DEPLOYMENT_TARGET = 10.3;
				MTL_ENABLE_DEBUG_INFO = YES;
				ONLY_ACTIVE_ARCH = YES;
				SDKROOT = iphoneos;
				SWIFT_ACTIVE_COMPILATION_CONDITIONS = DEBUG;
				SWIFT_OPTIMIZATION_LEVEL = "-Onone";
			};
			name = Debug;
		};
		70A030B31F5B8DE800F880D1 /* Release */ = {
			isa = XCBuildConfiguration;
			buildSettings = {
				ALWAYS_SEARCH_USER_PATHS = NO;
				CLANG_ANALYZER_NONNULL = YES;
				CLANG_ANALYZER_NUMBER_OBJECT_CONVERSION = YES_AGGRESSIVE;
				CLANG_CXX_LANGUAGE_STANDARD = "gnu++0x";
				CLANG_CXX_LIBRARY = "libc++";
				CLANG_ENABLE_MODULES = YES;
				CLANG_ENABLE_OBJC_ARC = YES;
				CLANG_WARN_BOOL_CONVERSION = YES;
				CLANG_WARN_CONSTANT_CONVERSION = YES;
				CLANG_WARN_DIRECT_OBJC_ISA_USAGE = YES_ERROR;
				CLANG_WARN_DOCUMENTATION_COMMENTS = YES;
				CLANG_WARN_EMPTY_BODY = YES;
				CLANG_WARN_ENUM_CONVERSION = YES;
				CLANG_WARN_INFINITE_RECURSION = YES;
				CLANG_WARN_INT_CONVERSION = YES;
				CLANG_WARN_OBJC_ROOT_CLASS = YES_ERROR;
				CLANG_WARN_SUSPICIOUS_MOVE = YES;
				CLANG_WARN_UNREACHABLE_CODE = YES;
				CLANG_WARN__DUPLICATE_METHOD_MATCH = YES;
				"CODE_SIGN_IDENTITY[sdk=iphoneos*]" = "iPhone Developer";
				COPY_PHASE_STRIP = NO;
				DEBUG_INFORMATION_FORMAT = "dwarf-with-dsym";
				ENABLE_NS_ASSERTIONS = NO;
				ENABLE_STRICT_OBJC_MSGSEND = YES;
				GCC_C_LANGUAGE_STANDARD = gnu99;
				GCC_NO_COMMON_BLOCKS = YES;
				GCC_WARN_64_TO_32_BIT_CONVERSION = YES;
				GCC_WARN_ABOUT_RETURN_TYPE = YES_ERROR;
				GCC_WARN_UNDECLARED_SELECTOR = YES;
				GCC_WARN_UNINITIALIZED_AUTOS = YES_AGGRESSIVE;
				GCC_WARN_UNUSED_FUNCTION = YES;
				GCC_WARN_UNUSED_VARIABLE = YES;
				IPHONEOS_DEPLOYMENT_TARGET = 10.3;
				MTL_ENABLE_DEBUG_INFO = NO;
				SDKROOT = iphoneos;
				SWIFT_OPTIMIZATION_LEVEL = "-Owholemodule";
				VALIDATE_PRODUCT = YES;
			};
			name = Release;
		};
		70A030B51F5B8DE800F880D1 /* Debug */ = {
			isa = XCBuildConfiguration;
			buildSettings = {
				ASSETCATALOG_COMPILER_APPICON_NAME = AppIcon;
				DEVELOPMENT_TEAM = 3Y69BC5249;
				INFOPLIST_FILE = SuperKid/Info.plist;
				LD_RUNPATH_SEARCH_PATHS = "$(inherited) @executable_path/Frameworks";
				PRODUCT_BUNDLE_IDENTIFIER = brenor2.SuperKid;
				PRODUCT_NAME = "$(TARGET_NAME)";
				SWIFT_VERSION = 3.0;
			};
			name = Debug;
		};
		70A030B61F5B8DE800F880D1 /* Release */ = {
			isa = XCBuildConfiguration;
			buildSettings = {
				ASSETCATALOG_COMPILER_APPICON_NAME = AppIcon;
				DEVELOPMENT_TEAM = 3Y69BC5249;
				INFOPLIST_FILE = SuperKid/Info.plist;
				LD_RUNPATH_SEARCH_PATHS = "$(inherited) @executable_path/Frameworks";
				PRODUCT_BUNDLE_IDENTIFIER = brenor2.SuperKid;
				PRODUCT_NAME = "$(TARGET_NAME)";
				SWIFT_VERSION = 3.0;
			};
			name = Release;
		};
		70A030B81F5B8DE800F880D1 /* Debug */ = {
			isa = XCBuildConfiguration;
			buildSettings = {
				ALWAYS_EMBED_SWIFT_STANDARD_LIBRARIES = YES;
				BUNDLE_LOADER = "$(TEST_HOST)";
				DEVELOPMENT_TEAM = 3Y69BC5249;
				INFOPLIST_FILE = SuperKidTests/Info.plist;
				LD_RUNPATH_SEARCH_PATHS = "$(inherited) @executable_path/Frameworks @loader_path/Frameworks";
				PRODUCT_BUNDLE_IDENTIFIER = brenor2.SuperKidTests;
				PRODUCT_NAME = "$(TARGET_NAME)";
				SWIFT_VERSION = 3.0;
				TEST_HOST = "$(BUILT_PRODUCTS_DIR)/SuperKid.app/SuperKid";
			};
			name = Debug;
		};
		70A030B91F5B8DE800F880D1 /* Release */ = {
			isa = XCBuildConfiguration;
			buildSettings = {
				ALWAYS_EMBED_SWIFT_STANDARD_LIBRARIES = YES;
				BUNDLE_LOADER = "$(TEST_HOST)";
				DEVELOPMENT_TEAM = 3Y69BC5249;
				INFOPLIST_FILE = SuperKidTests/Info.plist;
				LD_RUNPATH_SEARCH_PATHS = "$(inherited) @executable_path/Frameworks @loader_path/Frameworks";
				PRODUCT_BUNDLE_IDENTIFIER = brenor2.SuperKidTests;
				PRODUCT_NAME = "$(TARGET_NAME)";
				SWIFT_VERSION = 3.0;
				TEST_HOST = "$(BUILT_PRODUCTS_DIR)/SuperKid.app/SuperKid";
			};
			name = Release;
		};
		70A030BB1F5B8DE800F880D1 /* Debug */ = {
			isa = XCBuildConfiguration;
			buildSettings = {
				ALWAYS_EMBED_SWIFT_STANDARD_LIBRARIES = YES;
				DEVELOPMENT_TEAM = 3Y69BC5249;
				INFOPLIST_FILE = SuperKidUITests/Info.plist;
				LD_RUNPATH_SEARCH_PATHS = "$(inherited) @executable_path/Frameworks @loader_path/Frameworks";
				PRODUCT_BUNDLE_IDENTIFIER = brenor2.SuperKidUITests;
				PRODUCT_NAME = "$(TARGET_NAME)";
				SWIFT_VERSION = 3.0;
				TEST_TARGET_NAME = SuperKid;
			};
			name = Debug;
		};
		70A030BC1F5B8DE800F880D1 /* Release */ = {
			isa = XCBuildConfiguration;
			buildSettings = {
				ALWAYS_EMBED_SWIFT_STANDARD_LIBRARIES = YES;
				DEVELOPMENT_TEAM = 3Y69BC5249;
				INFOPLIST_FILE = SuperKidUITests/Info.plist;
				LD_RUNPATH_SEARCH_PATHS = "$(inherited) @executable_path/Frameworks @loader_path/Frameworks";
				PRODUCT_BUNDLE_IDENTIFIER = brenor2.SuperKidUITests;
				PRODUCT_NAME = "$(TARGET_NAME)";
				SWIFT_VERSION = 3.0;
				TEST_TARGET_NAME = SuperKid;
			};
			name = Release;
		};
/* End XCBuildConfiguration section */

/* Begin XCConfigurationList section */
		70A030841F5B8DE700F880D1 /* Build configuration list for PBXProject "SuperKid" */ = {
			isa = XCConfigurationList;
			buildConfigurations = (
				70A030B21F5B8DE800F880D1 /* Debug */,
				70A030B31F5B8DE800F880D1 /* Release */,
			);
			defaultConfigurationIsVisible = 0;
			defaultConfigurationName = Release;
		};
		70A030B41F5B8DE800F880D1 /* Build configuration list for PBXNativeTarget "SuperKid" */ = {
			isa = XCConfigurationList;
			buildConfigurations = (
				70A030B51F5B8DE800F880D1 /* Debug */,
				70A030B61F5B8DE800F880D1 /* Release */,
			);
			defaultConfigurationIsVisible = 0;
			defaultConfigurationName = Release;
		};
		70A030B71F5B8DE800F880D1 /* Build configuration list for PBXNativeTarget "SuperKidTests" */ = {
			isa = XCConfigurationList;
			buildConfigurations = (
				70A030B81F5B8DE800F880D1 /* Debug */,
				70A030B91F5B8DE800F880D1 /* Release */,
			);
			defaultConfigurationIsVisible = 0;
			defaultConfigurationName = Release;
		};
		70A030BA1F5B8DE800F880D1 /* Build configuration list for PBXNativeTarget "SuperKidUITests" */ = {
			isa = XCConfigurationList;
			buildConfigurations = (
				70A030BB1F5B8DE800F880D1 /* Debug */,
				70A030BC1F5B8DE800F880D1 /* Release */,
			);
			defaultConfigurationIsVisible = 0;
			defaultConfigurationName = Release;
		};
/* End XCConfigurationList section */

/* Begin XCVersionGroup section */
		70A030931F5B8DE700F880D1 /* SuperKid.xcdatamodeld */ = {
			isa = XCVersionGroup;
			children = (
				70A030941F5B8DE700F880D1 /* SuperKid.xcdatamodel */,
			);
			currentVersion = 70A030941F5B8DE700F880D1 /* SuperKid.xcdatamodel */;
			path = SuperKid.xcdatamodeld;
			sourceTree = "<group>";
			versionGroupType = wrapper.xcdatamodel;
		};
/* End XCVersionGroup section */
	};
	rootObject = 70A030811F5B8DE700F880D1 /* Project object */;
}
